
Microsoft Visual Studio Solution File, Format Version 12.00
# Visual Studio Version 16
VisualStudioVersion = 16.0.32407.337
MinimumVisualStudioVersion = 10.0.40219.1
Project("{FAE04EC0-301F-11D3-BF4B-00C04F79EFBC}") = "AlpcProcessHandles", "AlpcProcessHandles.csproj", "{3A5C80EC-F817-4DD9-AC13-39ADA46C5BE6}"
EndProject
Global
	GlobalSection(SolutionConfigurationPlatforms) = preSolution
		Debug|Any CPU = Debug|Any CPU
		Release|Any CPU = Release|Any CPU
	EndGlobalSection
	GlobalSection(ProjectConfigurationPlatforms) = postSolution
		{3A5C80EC-F817-4DD9-AC13-39ADA46C5BE6}.Debug|Any CPU.ActiveCfg = Debug|Any CPU
		{3A5C80EC-F817-4DD9-AC13-39ADA46C5BE6}.Debug|Any CPU.Build.0 = Debug|Any CPU
		{3A5C80EC-F817-4DD9-AC13-39ADA46C5BE6}.Release|Any CPU.ActiveCfg = Release|Any CPU
		{3A5C80EC-F817-4DD9-AC13-39ADA46C5BE6}.Release|Any CPU.Build.0 = Release|Any CPU
	EndGlobalSection
	GlobalSection(SolutionProperties) = preSolution
		HideSolutionNode = FALSE
	EndGlobalSection
	GlobalSection(ExtensibilityGlobals) = postSolution
		SolutionGuid = {33135F58-CD7D-40E7-B392-92F93CB83F07}
	EndGlobalSection
EndGlobal
