
Microsoft Visual Studio Solution File, Format Version 12.00
# Visual Studio 15
VisualStudioVersion = 15.0.28307.1169
MinimumVisualStudioVersion = 10.0.40219.1
Project("{8BC9CEB8-8B4A-11D0-8D11-00A0C91BC942}") = "CPP-Basic-PipeServer", "CPP-Basic-PipeServer\CPP-Basic-PipeServer.vcxproj", "{FA19990A-CCC0-42B6-8154-76B1F8FF167A}"
EndProject
Project("{8BC9CEB8-8B4A-11D0-8D11-00A0C91BC942}") = "CPP-Basic-PipeClient", "CPP-Basic-PipeClient\CPP-Basic-PipeClient.vcxproj", "{8BF0BFA6-8B44-40A4-8876-77274EDC8BA4}"
EndProject
Project("{8BC9CEB8-8B4A-11D0-8D11-00A0C91BC942}") = "CPP-Util", "CPP-Util\CPP-Util.vcxproj", "{C198C28D-1922-4317-B775-DC24396AFA27}"
EndProject
Global
	GlobalSection(SolutionConfigurationPlatforms) = preSolution
		Debug|x64 = Debug|x64
		Debug|x86 = Debug|x86
		Release|x64 = Release|x64
		Release|x86 = Release|x86
	EndGlobalSection
	GlobalSection(ProjectConfigurationPlatforms) = postSolution
		{FA19990A-CCC0-42B6-8154-76B1F8FF167A}.Debug|x64.ActiveCfg = Debug|x64
		{FA19990A-CCC0-42B6-8154-76B1F8FF167A}.Debug|x64.Build.0 = Debug|x64
		{FA19990A-CCC0-42B6-8154-76B1F8FF167A}.Debug|x86.ActiveCfg = Debug|Win32
		{FA19990A-CCC0-42B6-8154-76B1F8FF167A}.Debug|x86.Build.0 = Debug|Win32
		{FA19990A-CCC0-42B6-8154-76B1F8FF167A}.Release|x64.ActiveCfg = Release|x64
		{FA19990A-CCC0-42B6-8154-76B1F8FF167A}.Release|x64.Build.0 = Release|x64
		{FA19990A-CCC0-42B6-8154-76B1F8FF167A}.Release|x86.ActiveCfg = Release|Win32
		{FA19990A-CCC0-42B6-8154-76B1F8FF167A}.Release|x86.Build.0 = Release|Win32
		{8BF0BFA6-8B44-40A4-8876-77274EDC8BA4}.Debug|x64.ActiveCfg = Debug|x64
		{8BF0BFA6-8B44-40A4-8876-77274EDC8BA4}.Debug|x64.Build.0 = Debug|x64
		{8BF0BFA6-8B44-40A4-8876-77274EDC8BA4}.Debug|x86.ActiveCfg = Debug|Win32
		{8BF0BFA6-8B44-40A4-8876-77274EDC8BA4}.Debug|x86.Build.0 = Debug|Win32
		{8BF0BFA6-8B44-40A4-8876-77274EDC8BA4}.Release|x64.ActiveCfg = Release|x64
		{8BF0BFA6-8B44-40A4-8876-77274EDC8BA4}.Release|x64.Build.0 = Release|x64
		{8BF0BFA6-8B44-40A4-8876-77274EDC8BA4}.Release|x86.ActiveCfg = Release|Win32
		{8BF0BFA6-8B44-40A4-8876-77274EDC8BA4}.Release|x86.Build.0 = Release|Win32
		{C198C28D-1922-4317-B775-DC24396AFA27}.Debug|x64.ActiveCfg = Debug|x64
		{C198C28D-1922-4317-B775-DC24396AFA27}.Debug|x64.Build.0 = Debug|x64
		{C198C28D-1922-4317-B775-DC24396AFA27}.Debug|x86.ActiveCfg = Debug|Win32
		{C198C28D-1922-4317-B775-DC24396AFA27}.Debug|x86.Build.0 = Debug|Win32
		{C198C28D-1922-4317-B775-DC24396AFA27}.Release|x64.ActiveCfg = Release|x64
		{C198C28D-1922-4317-B775-DC24396AFA27}.Release|x64.Build.0 = Release|x64
		{C198C28D-1922-4317-B775-DC24396AFA27}.Release|x86.ActiveCfg = Release|Win32
		{C198C28D-1922-4317-B775-DC24396AFA27}.Release|x86.Build.0 = Release|Win32
	EndGlobalSection
	GlobalSection(SolutionProperties) = preSolution
		HideSolutionNode = FALSE
	EndGlobalSection
	GlobalSection(ExtensibilityGlobals) = postSolution
		SolutionGuid = {D77AD649-8B9D-4753-A49B-8AB32F6EEBDD}
	EndGlobalSection
EndGlobal
